
Microsoft Visual Studio Solution File, Format Version 12.00
# Visual Studio Version 17
VisualStudioVersion = 17.6.33712.159
MinimumVisualStudioVersion = 10.0.40219.1
Project("{9A19103F-16F7-4668-BE54-9A1E7A4F7556}") = "App", "src\App\App.csproj", "{1B346717-2236-4650-96F3-16EFAAD10028}"
EndProject
Project("{9A19103F-16F7-4668-BE54-9A1E7A4F7556}") = "Business", "src\Business\Business.csproj", "{8F788E82-0394-4457-8326-E563B803FAA5}"
EndProject
Project("{9A19103F-16F7-4668-BE54-9A1E7A4F7556}") = "Data", "src\Data\Data.csproj", "{EC29C966-187C-4CB1-A4C5-2D1299E869A7}"
EndProject
Project("{2150E333-8FDC-42A3-9474-1A3956D46DE8}") = "Solution Items", "Solution Items", "{EB0566F0-EE0A-46D2-A7A5-1A12D3C02ED0}"
	ProjectSection(SolutionItems) = preProject
		.editorconfig = .editorconfig
	EndProjectSection
EndProject
Global
	GlobalSection(SolutionConfigurationPlatforms) = preSolution
		Debug|Any CPU = Debug|Any CPU
		Release|Any CPU = Release|Any CPU
	EndGlobalSection
	GlobalSection(ProjectConfigurationPlatforms) = postSolution
		{1B346717-2236-4650-96F3-16EFAAD10028}.Debug|Any CPU.ActiveCfg = Debug|Any CPU
		{1B346717-2236-4650-96F3-16EFAAD10028}.Debug|Any CPU.Build.0 = Debug|Any CPU
		{1B346717-2236-4650-96F3-16EFAAD10028}.Release|Any CPU.ActiveCfg = Release|Any CPU
		{1B346717-2236-4650-96F3-16EFAAD10028}.Release|Any CPU.Build.0 = Release|Any CPU
		{8F788E82-0394-4457-8326-E563B803FAA5}.Debug|Any CPU.ActiveCfg = Debug|Any CPU
		{8F788E82-0394-4457-8326-E563B803FAA5}.Debug|Any CPU.Build.0 = Debug|Any CPU
		{8F788E82-0394-4457-8326-E563B803FAA5}.Release|Any CPU.ActiveCfg = Release|Any CPU
		{8F788E82-0394-4457-8326-E563B803FAA5}.Release|Any CPU.Build.0 = Release|Any CPU
		{EC29C966-187C-4CB1-A4C5-2D1299E869A7}.Debug|Any CPU.ActiveCfg = Debug|Any CPU
		{EC29C966-187C-4CB1-A4C5-2D1299E869A7}.Debug|Any CPU.Build.0 = Debug|Any CPU
		{EC29C966-187C-4CB1-A4C5-2D1299E869A7}.Release|Any CPU.ActiveCfg = Release|Any CPU
		{EC29C966-187C-4CB1-A4C5-2D1299E869A7}.Release|Any CPU.Build.0 = Release|Any CPU
	EndGlobalSection
	GlobalSection(SolutionProperties) = preSolution
		HideSolutionNode = FALSE
	EndGlobalSection
	GlobalSection(ExtensibilityGlobals) = postSolution
		SolutionGuid = {4FF4E210-DD5D-40CC-85D4-4981B3E4E5D6}
	EndGlobalSection
EndGlobal
